
Microsoft Visual Studio Solution File, Format Version 12.00
# Visual Studio Version 17
VisualStudioVersion = 17.1.32421.90
MinimumVisualStudioVersion = 10.0.40219.1
Project("{9A19103F-16F7-4668-BE54-9A1E7A4F7556}") = "Algorithms", "Algorithms.csproj", "{89262549-16F9-49B0-A3A5-7332B036F2B8}"
EndProject
Global
	GlobalSection(SolutionConfigurationPlatforms) = preSolution
		Debug|Any CPU = Debug|Any CPU
		Debug|ARM = Debug|ARM
		Debug|ARM64 = Debug|ARM64
		Debug|x64 = Debug|x64
		Debug|x86 = Debug|x86
		Release|Any CPU = Release|Any CPU
		Release|ARM = Release|ARM
		Release|ARM64 = Release|ARM64
		Release|x64 = Release|x64
		Release|x86 = Release|x86
	EndGlobalSection
	GlobalSection(ProjectConfigurationPlatforms) = postSolution
		{43D3EA9B-A8B2-42D9-95A6-8B7B238B1E69}.Debug|Any CPU.ActiveCfg = Debug|Any CPU
		{43D3EA9B-A8B2-42D9-95A6-8B7B238B1E69}.Debug|Any CPU.Build.0 = Debug|Any CPU
		{43D3EA9B-A8B2-42D9-95A6-8B7B238B1E69}.Debug|ARM.ActiveCfg = Debug|Any CPU
		{43D3EA9B-A8B2-42D9-95A6-8B7B238B1E69}.Debug|ARM.Build.0 = Debug|Any CPU
		{43D3EA9B-A8B2-42D9-95A6-8B7B238B1E69}.Debug|ARM64.ActiveCfg = Debug|Any CPU
		{43D3EA9B-A8B2-42D9-95A6-8B7B238B1E69}.Debug|ARM64.Build.0 = Debug|Any CPU
		{43D3EA9B-A8B2-42D9-95A6-8B7B238B1E69}.Debug|x64.ActiveCfg = Debug|Any CPU
		{43D3EA9B-A8B2-42D9-95A6-8B7B238B1E69}.Debug|x64.Build.0 = Debug|Any CPU
		{43D3EA9B-A8B2-42D9-95A6-8B7B238B1E69}.Debug|x86.ActiveCfg = Debug|Any CPU
		{43D3EA9B-A8B2-42D9-95A6-8B7B238B1E69}.Debug|x86.Build.0 = Debug|Any CPU
		{43D3EA9B-A8B2-42D9-95A6-8B7B238B1E69}.Release|Any CPU.ActiveCfg = Release|Any CPU
		{43D3EA9B-A8B2-42D9-95A6-8B7B238B1E69}.Release|Any CPU.Build.0 = Release|Any CPU
		{43D3EA9B-A8B2-42D9-95A6-8B7B238B1E69}.Release|ARM.ActiveCfg = Release|Any CPU
		{43D3EA9B-A8B2-42D9-95A6-8B7B238B1E69}.Release|ARM.Build.0 = Release|Any CPU
		{43D3EA9B-A8B2-42D9-95A6-8B7B238B1E69}.Release|ARM64.ActiveCfg = Release|Any CPU
		{43D3EA9B-A8B2-42D9-95A6-8B7B238B1E69}.Release|ARM64.Build.0 = Release|Any CPU
		{43D3EA9B-A8B2-42D9-95A6-8B7B238B1E69}.Release|x64.ActiveCfg = Release|Any CPU
		{43D3EA9B-A8B2-42D9-95A6-8B7B238B1E69}.Release|x64.Build.0 = Release|Any CPU
		{43D3EA9B-A8B2-42D9-95A6-8B7B238B1E69}.Release|x86.ActiveCfg = Release|Any CPU
		{43D3EA9B-A8B2-42D9-95A6-8B7B238B1E69}.Release|x86.Build.0 = Release|Any CPU
		{E80FCFD4-0602-43C6-9051-E30029E6BF1A}.Debug|Any CPU.ActiveCfg = Debug|Any CPU
		{E80FCFD4-0602-43C6-9051-E30029E6BF1A}.Debug|Any CPU.Build.0 = Debug|Any CPU
		{E80FCFD4-0602-43C6-9051-E30029E6BF1A}.Debug|ARM.ActiveCfg = Debug|Any CPU
		{E80FCFD4-0602-43C6-9051-E30029E6BF1A}.Debug|ARM.Build.0 = Debug|Any CPU
		{E80FCFD4-0602-43C6-9051-E30029E6BF1A}.Debug|ARM64.ActiveCfg = Debug|Any CPU
		{E80FCFD4-0602-43C6-9051-E30029E6BF1A}.Debug|ARM64.Build.0 = Debug|Any CPU
		{E80FCFD4-0602-43C6-9051-E30029E6BF1A}.Debug|x64.ActiveCfg = Debug|Any CPU
		{E80FCFD4-0602-43C6-9051-E30029E6BF1A}.Debug|x64.Build.0 = Debug|Any CPU
		{E80FCFD4-0602-43C6-9051-E30029E6BF1A}.Debug|x86.ActiveCfg = Debug|Any CPU
		{E80FCFD4-0602-43C6-9051-E30029E6BF1A}.Debug|x86.Build.0 = Debug|Any CPU
		{E80FCFD4-0602-43C6-9051-E30029E6BF1A}.Release|Any CPU.ActiveCfg = Release|Any CPU
		{E80FCFD4-0602-43C6-9051-E30029E6BF1A}.Release|Any CPU.Build.0 = Release|Any CPU
		{E80FCFD4-0602-43C6-9051-E30029E6BF1A}.Release|ARM.ActiveCfg = Release|Any CPU
		{E80FCFD4-0602-43C6-9051-E30029E6BF1A}.Release|ARM.Build.0 = Release|Any CPU
		{E80FCFD4-0602-43C6-9051-E30029E6BF1A}.Release|ARM64.ActiveCfg = Release|Any CPU
		{E80FCFD4-0602-43C6-9051-E30029E6BF1A}.Release|ARM64.Build.0 = Release|Any CPU
		{E80FCFD4-0602-43C6-9051-E30029E6BF1A}.Release|x64.ActiveCfg = Release|Any CPU
		{E80FCFD4-0602-43C6-9051-E30029E6BF1A}.Release|x64.Build.0 = Release|Any CPU
		{E80FCFD4-0602-43C6-9051-E30029E6BF1A}.Release|x86.ActiveCfg = Release|Any CPU
		{E80FCFD4-0602-43C6-9051-E30029E6BF1A}.Release|x86.Build.0 = Release|Any CPU
		{CA11DDCA-038A-44BF-8658-11BF73A2E049}.Debug|Any CPU.ActiveCfg = Debug|Any CPU
		{CA11DDCA-038A-44BF-8658-11BF73A2E049}.Debug|Any CPU.Build.0 = Debug|Any CPU
		{CA11DDCA-038A-44BF-8658-11BF73A2E049}.Debug|ARM.ActiveCfg = Debug|Any CPU
		{CA11DDCA-038A-44BF-8658-11BF73A2E049}.Debug|ARM.Build.0 = Debug|Any CPU
		{CA11DDCA-038A-44BF-8658-11BF73A2E049}.Debug|ARM64.ActiveCfg = Debug|Any CPU
		{CA11DDCA-038A-44BF-8658-11BF73A2E049}.Debug|ARM64.Build.0 = Debug|Any CPU
		{CA11DDCA-038A-44BF-8658-11BF73A2E049}.Debug|x64.ActiveCfg = Debug|Any CPU
		{CA11DDCA-038A-44BF-8658-11BF73A2E049}.Debug|x64.Build.0 = Debug|Any CPU
		{CA11DDCA-038A-44BF-8658-11BF73A2E049}.Debug|x86.ActiveCfg = Debug|Any CPU
		{CA11DDCA-038A-44BF-8658-11BF73A2E049}.Debug|x86.Build.0 = Debug|Any CPU
		{CA11DDCA-038A-44BF-8658-11BF73A2E049}.Release|Any CPU.ActiveCfg = Release|Any CPU
		{CA11DDCA-038A-44BF-8658-11BF73A2E049}.Release|Any CPU.Build.0 = Release|Any CPU
		{CA11DDCA-038A-44BF-8658-11BF73A2E049}.Release|ARM.ActiveCfg = Release|Any CPU
		{CA11DDCA-038A-44BF-8658-11BF73A2E049}.Release|ARM.Build.0 = Release|Any CPU
		{CA11DDCA-038A-44BF-8658-11BF73A2E049}.Release|ARM64.ActiveCfg = Release|Any CPU
		{CA11DDCA-038A-44BF-8658-11BF73A2E049}.Release|ARM64.Build.0 = Release|Any CPU
		{CA11DDCA-038A-44BF-8658-11BF73A2E049}.Release|x64.ActiveCfg = Release|Any CPU
		{CA11DDCA-038A-44BF-8658-11BF73A2E049}.Release|x64.Build.0 = Release|Any CPU
		{CA11DDCA-038A-44BF-8658-11BF73A2E049}.Release|x86.ActiveCfg = Release|Any CPU
		{CA11DDCA-038A-44BF-8658-11BF73A2E049}.Release|x86.Build.0 = Release|Any CPU
		{47D470A2-6844-4362-A7BE-7FD0B9A218C2}.Debug|Any CPU.ActiveCfg = Debug|Any CPU
		{47D470A2-6844-4362-A7BE-7FD0B9A218C2}.Debug|Any CPU.Build.0 = Debug|Any CPU
		{47D470A2-6844-4362-A7BE-7FD0B9A218C2}.Debug|ARM.ActiveCfg = Debug|Any CPU
		{47D470A2-6844-4362-A7BE-7FD0B9A218C2}.Debug|ARM.Build.0 = Debug|Any CPU
		{47D470A2-6844-4362-A7BE-7FD0B9A218C2}.Debug|ARM64.ActiveCfg = Debug|Any CPU
		{47D470A2-6844-4362-A7BE-7FD0B9A218C2}.Debug|ARM64.Build.0 = Debug|Any CPU
		{47D470A2-6844-4362-A7BE-7FD0B9A218C2}.Debug|x64.ActiveCfg = Debug|Any CPU
		{47D470A2-6844-4362-A7BE-7FD0B9A218C2}.Debug|x64.Build.0 = Debug|Any CPU
		{47D470A2-6844-4362-A7BE-7FD0B9A218C2}.Debug|x86.ActiveCfg = Debug|Any CPU
		{47D470A2-6844-4362-A7BE-7FD0B9A218C2}.Debug|x86.Build.0 = Debug|Any CPU
		{47D470A2-6844-4362-A7BE-7FD0B9A218C2}.Release|Any CPU.ActiveCfg = Release|Any CPU
		{47D470A2-6844-4362-A7BE-7FD0B9A218C2}.Release|Any CPU.Build.0 = Release|Any CPU
		{47D470A2-6844-4362-A7BE-7FD0B9A218C2}.Release|ARM.ActiveCfg = Release|Any CPU
		{47D470A2-6844-4362-A7BE-7FD0B9A218C2}.Release|ARM.Build.0 = Release|Any CPU
		{47D470A2-6844-4362-A7BE-7FD0B9A218C2}.Release|ARM64.ActiveCfg = Release|Any CPU
		{47D470A2-6844-4362-A7BE-7FD0B9A218C2}.Release|ARM64.Build.0 = Release|Any CPU
		{47D470A2-6844-4362-A7BE-7FD0B9A218C2}.Release|x64.ActiveCfg = Release|Any CPU
		{47D470A2-6844-4362-A7BE-7FD0B9A218C2}.Release|x64.Build.0 = Release|Any CPU
		{47D470A2-6844-4362-A7BE-7FD0B9A218C2}.Release|x86.ActiveCfg = Release|Any CPU
		{47D470A2-6844-4362-A7BE-7FD0B9A218C2}.Release|x86.Build.0 = Release|Any CPU
		{89262549-16F9-49B0-A3A5-7332B036F2B8}.Debug|Any CPU.ActiveCfg = Debug|Any CPU
		{89262549-16F9-49B0-A3A5-7332B036F2B8}.Debug|Any CPU.Build.0 = Debug|Any CPU
		{89262549-16F9-49B0-A3A5-7332B036F2B8}.Debug|ARM.ActiveCfg = Debug|Any CPU
		{89262549-16F9-49B0-A3A5-7332B036F2B8}.Debug|ARM.Build.0 = Debug|Any CPU
		{89262549-16F9-49B0-A3A5-7332B036F2B8}.Debug|ARM64.ActiveCfg = Debug|Any CPU
		{89262549-16F9-49B0-A3A5-7332B036F2B8}.Debug|ARM64.Build.0 = Debug|Any CPU
		{89262549-16F9-49B0-A3A5-7332B036F2B8}.Debug|x64.ActiveCfg = Debug|Any CPU
		{89262549-16F9-49B0-A3A5-7332B036F2B8}.Debug|x64.Build.0 = Debug|Any CPU
		{89262549-16F9-49B0-A3A5-7332B036F2B8}.Debug|x86.ActiveCfg = Debug|Any CPU
		{89262549-16F9-49B0-A3A5-7332B036F2B8}.Debug|x86.Build.0 = Debug|Any CPU
		{89262549-16F9-49B0-A3A5-7332B036F2B8}.Release|Any CPU.ActiveCfg = Release|Any CPU
		{89262549-16F9-49B0-A3A5-7332B036F2B8}.Release|Any CPU.Build.0 = Release|Any CPU
		{89262549-16F9-49B0-A3A5-7332B036F2B8}.Release|ARM.ActiveCfg = Release|Any CPU
		{89262549-16F9-49B0-A3A5-7332B036F2B8}.Release|ARM.Build.0 = Release|Any CPU
		{89262549-16F9-49B0-A3A5-7332B036F2B8}.Release|ARM64.ActiveCfg = Release|Any CPU
		{89262549-16F9-49B0-A3A5-7332B036F2B8}.Release|ARM64.Build.0 = Release|Any CPU
		{89262549-16F9-49B0-A3A5-7332B036F2B8}.Release|x64.ActiveCfg = Release|Any CPU
		{89262549-16F9-49B0-A3A5-7332B036F2B8}.Release|x64.Build.0 = Release|Any CPU
		{89262549-16F9-49B0-A3A5-7332B036F2B8}.Release|x86.ActiveCfg = Release|Any CPU
		{89262549-16F9-49B0-A3A5-7332B036F2B8}.Release|x86.Build.0 = Release|Any CPU
		{C7ED4823-3057-4C11-A1AF-66BC05E2BC3E}.Debug|Any CPU.ActiveCfg = Debug|Any CPU
		{C7ED4823-3057-4C11-A1AF-66BC05E2BC3E}.Debug|Any CPU.Build.0 = Debug|Any CPU
		{C7ED4823-3057-4C11-A1AF-66BC05E2BC3E}.Debug|ARM.ActiveCfg = Debug|Any CPU
		{C7ED4823-3057-4C11-A1AF-66BC05E2BC3E}.Debug|ARM.Build.0 = Debug|Any CPU
		{C7ED4823-3057-4C11-A1AF-66BC05E2BC3E}.Debug|ARM64.ActiveCfg = Debug|Any CPU
		{C7ED4823-3057-4C11-A1AF-66BC05E2BC3E}.Debug|ARM64.Build.0 = Debug|Any CPU
		{C7ED4823-3057-4C11-A1AF-66BC05E2BC3E}.Debug|x64.ActiveCfg = Debug|Any CPU
		{C7ED4823-3057-4C11-A1AF-66BC05E2BC3E}.Debug|x64.Build.0 = Debug|Any CPU
		{C7ED4823-3057-4C11-A1AF-66BC05E2BC3E}.Debug|x86.ActiveCfg = Debug|Any CPU
		{C7ED4823-3057-4C11-A1AF-66BC05E2BC3E}.Debug|x86.Build.0 = Debug|Any CPU
		{C7ED4823-3057-4C11-A1AF-66BC05E2BC3E}.Release|Any CPU.ActiveCfg = Release|Any CPU
		{C7ED4823-3057-4C11-A1AF-66BC05E2BC3E}.Release|Any CPU.Build.0 = Release|Any CPU
		{C7ED4823-3057-4C11-A1AF-66BC05E2BC3E}.Release|ARM.ActiveCfg = Release|Any CPU
		{C7ED4823-3057-4C11-A1AF-66BC05E2BC3E}.Release|ARM.Build.0 = Release|Any CPU
		{C7ED4823-3057-4C11-A1AF-66BC05E2BC3E}.Release|ARM64.ActiveCfg = Release|Any CPU
		{C7ED4823-3057-4C11-A1AF-66BC05E2BC3E}.Release|ARM64.Build.0 = Release|Any CPU
		{C7ED4823-3057-4C11-A1AF-66BC05E2BC3E}.Release|x64.ActiveCfg = Release|Any CPU
		{C7ED4823-3057-4C11-A1AF-66BC05E2BC3E}.Release|x64.Build.0 = Release|Any CPU
		{C7ED4823-3057-4C11-A1AF-66BC05E2BC3E}.Release|x86.ActiveCfg = Release|Any CPU
		{C7ED4823-3057-4C11-A1AF-66BC05E2BC3E}.Release|x86.Build.0 = Release|Any CPU
		{15E4E073-554F-4D61-A37B-4EE145DB82FC}.Debug|Any CPU.ActiveCfg = Debug|x64
		{15E4E073-554F-4D61-A37B-4EE145DB82FC}.Debug|Any CPU.Build.0 = Debug|x64
		{15E4E073-554F-4D61-A37B-4EE145DB82FC}.Debug|Any CPU.Deploy.0 = Debug|x64
		{15E4E073-554F-4D61-A37B-4EE145DB82FC}.Debug|ARM.ActiveCfg = Debug|ARM
		{15E4E073-554F-4D61-A37B-4EE145DB82FC}.Debug|ARM.Build.0 = Debug|ARM
		{15E4E073-554F-4D61-A37B-4EE145DB82FC}.Debug|ARM.Deploy.0 = Debug|ARM
		{15E4E073-554F-4D61-A37B-4EE145DB82FC}.Debug|ARM64.ActiveCfg = Debug|ARM64
		{15E4E073-554F-4D61-A37B-4EE145DB82FC}.Debug|ARM64.Build.0 = Debug|ARM64
		{15E4E073-554F-4D61-A37B-4EE145DB82FC}.Debug|ARM64.Deploy.0 = Debug|ARM64
		{15E4E073-554F-4D61-A37B-4EE145DB82FC}.Debug|x64.ActiveCfg = Debug|x64
		{15E4E073-554F-4D61-A37B-4EE145DB82FC}.Debug|x64.Build.0 = Debug|x64
		{15E4E073-554F-4D61-A37B-4EE145DB82FC}.Debug|x64.Deploy.0 = Debug|x64
		{15E4E073-554F-4D61-A37B-4EE145DB82FC}.Debug|x86.ActiveCfg = Debug|x86
		{15E4E073-554F-4D61-A37B-4EE145DB82FC}.Debug|x86.Build.0 = Debug|x86
		{15E4E073-554F-4D61-A37B-4EE145DB82FC}.Debug|x86.Deploy.0 = Debug|x86
		{15E4E073-554F-4D61-A37B-4EE145DB82FC}.Release|Any CPU.ActiveCfg = Release|x64
		{15E4E073-554F-4D61-A37B-4EE145DB82FC}.Release|Any CPU.Build.0 = Release|x64
		{15E4E073-554F-4D61-A37B-4EE145DB82FC}.Release|Any CPU.Deploy.0 = Release|x64
		{15E4E073-554F-4D61-A37B-4EE145DB82FC}.Release|ARM.ActiveCfg = Release|ARM
		{15E4E073-554F-4D61-A37B-4EE145DB82FC}.Release|ARM.Build.0 = Release|ARM
		{15E4E073-554F-4D61-A37B-4EE145DB82FC}.Release|ARM.Deploy.0 = Release|ARM
		{15E4E073-554F-4D61-A37B-4EE145DB82FC}.Release|ARM64.ActiveCfg = Release|ARM64
		{15E4E073-554F-4D61-A37B-4EE145DB82FC}.Release|ARM64.Build.0 = Release|ARM64
		{15E4E073-554F-4D61-A37B-4EE145DB82FC}.Release|ARM64.Deploy.0 = Release|ARM64
		{15E4E073-554F-4D61-A37B-4EE145DB82FC}.Release|x64.ActiveCfg = Release|x64
		{15E4E073-554F-4D61-A37B-4EE145DB82FC}.Release|x64.Build.0 = Release|x64
		{15E4E073-554F-4D61-A37B-4EE145DB82FC}.Release|x64.Deploy.0 = Release|x64
		{15E4E073-554F-4D61-A37B-4EE145DB82FC}.Release|x86.ActiveCfg = Release|x86
		{15E4E073-554F-4D61-A37B-4EE145DB82FC}.Release|x86.Build.0 = Release|x86
		{15E4E073-554F-4D61-A37B-4EE145DB82FC}.Release|x86.Deploy.0 = Release|x86
	EndGlobalSection
	GlobalSection(SolutionProperties) = preSolution
		HideSolutionNode = FALSE
	EndGlobalSection
	GlobalSection(ExtensibilityGlobals) = postSolution
		SolutionGuid = {136B63A2-4B07-4AA5-8CB1-0BC2241D0943}
	EndGlobalSection
EndGlobal
